
Microsoft Visual Studio Solution File, Format Version 12.00
# Visual Studio Version 17
VisualStudioVersion = 17.7.33711.374
MinimumVisualStudioVersion = 10.0.40219.1
Project("{9A19103F-16F7-4668-BE54-9A1E7A4F7556}") = "TodoList.Service", "TodoList.Service\TodoList.Service.csproj", "{70A91781-0155-45BE-B394-8998B7989460}"
EndProject
Project("{9A19103F-16F7-4668-BE54-9A1E7A4F7556}") = "TodoList.Persistence", "TodoList.Persistence\TodoList.Persistence.csproj", "{805AAA1C-7EB6-4C85-939F-037D1BB429C4}"
EndProject
Project("{9A19103F-16F7-4668-BE54-9A1E7A4F7556}") = "TodoList.Models", "TodoList.Models\TodoList.Models.csproj", "{21EB1525-DB1C-49A7-A9B0-481FC8D1676D}"
EndProject
Project("{9A19103F-16F7-4668-BE54-9A1E7A4F7556}") = "TodoList.Application", "TodoList.Application\TodoList.Application.csproj", "{CEF55147-5CA0-4F8D-BC37-A0E15F7CFDE6}"
EndProject
Project("{FAE04EC0-301F-11D3-BF4B-00C04F79EFBC}") = "TodoList.Web", "TodoList.Web\TodoList.Web.csproj", "{09815BDD-4ABF-4775-861F-9F6F049A4696}"
EndProject
Global
	GlobalSection(SolutionConfigurationPlatforms) = preSolution
		Debug|Any CPU = Debug|Any CPU
		Release|Any CPU = Release|Any CPU
	EndGlobalSection
	GlobalSection(ProjectConfigurationPlatforms) = postSolution
		{70A91781-0155-45BE-B394-8998B7989460}.Debug|Any CPU.ActiveCfg = Debug|Any CPU
		{70A91781-0155-45BE-B394-8998B7989460}.Debug|Any CPU.Build.0 = Debug|Any CPU
		{70A91781-0155-45BE-B394-8998B7989460}.Release|Any CPU.ActiveCfg = Release|Any CPU
		{70A91781-0155-45BE-B394-8998B7989460}.Release|Any CPU.Build.0 = Release|Any CPU
		{805AAA1C-7EB6-4C85-939F-037D1BB429C4}.Debug|Any CPU.ActiveCfg = Debug|Any CPU
		{805AAA1C-7EB6-4C85-939F-037D1BB429C4}.Debug|Any CPU.Build.0 = Debug|Any CPU
		{805AAA1C-7EB6-4C85-939F-037D1BB429C4}.Release|Any CPU.ActiveCfg = Release|Any CPU
		{805AAA1C-7EB6-4C85-939F-037D1BB429C4}.Release|Any CPU.Build.0 = Release|Any CPU
		{21EB1525-DB1C-49A7-A9B0-481FC8D1676D}.Debug|Any CPU.ActiveCfg = Debug|Any CPU
		{21EB1525-DB1C-49A7-A9B0-481FC8D1676D}.Debug|Any CPU.Build.0 = Debug|Any CPU
		{21EB1525-DB1C-49A7-A9B0-481FC8D1676D}.Release|Any CPU.ActiveCfg = Release|Any CPU
		{21EB1525-DB1C-49A7-A9B0-481FC8D1676D}.Release|Any CPU.Build.0 = Release|Any CPU
		{CEF55147-5CA0-4F8D-BC37-A0E15F7CFDE6}.Debug|Any CPU.ActiveCfg = Debug|Any CPU
		{CEF55147-5CA0-4F8D-BC37-A0E15F7CFDE6}.Debug|Any CPU.Build.0 = Debug|Any CPU
		{CEF55147-5CA0-4F8D-BC37-A0E15F7CFDE6}.Release|Any CPU.ActiveCfg = Release|Any CPU
		{CEF55147-5CA0-4F8D-BC37-A0E15F7CFDE6}.Release|Any CPU.Build.0 = Release|Any CPU
		{09815BDD-4ABF-4775-861F-9F6F049A4696}.Debug|Any CPU.ActiveCfg = Debug|Any CPU
		{09815BDD-4ABF-4775-861F-9F6F049A4696}.Debug|Any CPU.Build.0 = Debug|Any CPU
		{09815BDD-4ABF-4775-861F-9F6F049A4696}.Release|Any CPU.ActiveCfg = Release|Any CPU
		{09815BDD-4ABF-4775-861F-9F6F049A4696}.Release|Any CPU.Build.0 = Release|Any CPU
	EndGlobalSection
	GlobalSection(SolutionProperties) = preSolution
		HideSolutionNode = FALSE
	EndGlobalSection
	GlobalSection(ExtensibilityGlobals) = postSolution
		SolutionGuid = {C7197DBC-6705-474F-9B9D-756CB2992B61}
	EndGlobalSection
EndGlobal
